
Microsoft Visual Studio Solution File, Format Version 12.00
# Visual Studio Version 17
VisualStudioVersion = 17.0.32014.148
MinimumVisualStudioVersion = 10.0.40219.1
Project("{9A19103F-16F7-4668-BE54-9A1E7A4F7556}") = "Medienstudio.Azure.Data.Tables.Extensions", "Medienstudio.Azure.Data.Tables.Extensions\Medienstudio.Azure.Data.Tables.Extensions.csproj", "{6F639045-9C6E-4CA4-8C8C-6DA2D6E39B99}"
EndProject
Project("{9A19103F-16F7-4668-BE54-9A1E7A4F7556}") = "Medienstudio.Azure.Data.Tables.Extensions.Tests", "Medienstudio.Azure.Data.Tables.Extensions.Tests\Medienstudio.Azure.Data.Tables.Extensions.Tests.csproj", "{25345E38-FA83-42C1-8121-2D3E470B90DF}"
EndProject
Project("{FAE04EC0-301F-11D3-BF4B-00C04F79EFBC}") = "Medienstudio.Azure.Data.Tables.CSV", "Medienstudio.Azure.Data.Tables.CSV\Medienstudio.Azure.Data.Tables.CSV.csproj", "{BF33A74E-1FC9-4F0E-885D-0D7DB1696A5D}"
EndProject
Project("{FAE04EC0-301F-11D3-BF4B-00C04F79EFBC}") = "Medienstudio.Azure.Data.Tables.CSV.Tests", "Medienstudio.Azure.Data.Tables.CSV.Tests\Medienstudio.Azure.Data.Tables.CSV.Tests.csproj", "{FDA393EC-50C5-47FF-A7F8-6C842813146F}"
EndProject
Project("{2150E333-8FDC-42A3-9474-1A3956D46DE8}") = "_", "_", "{02EA681E-C7D8-13C7-8484-4AC65E1B71E8}"
	ProjectSection(SolutionItems) = preProject
		Directory.Build.props = Directory.Build.props
		Directory.Packages.props = Directory.Packages.props
	EndProjectSection
EndProject
Project("{2150E333-8FDC-42A3-9474-1A3956D46DE8}") = "tests", "tests", "{037B4AF7-B9BE-4190-BE41-762DC72E382A}"
EndProject
Project("{2150E333-8FDC-42A3-9474-1A3956D46DE8}") = "src", "src", "{900BFBA7-3E21-40B2-828F-49AF79295A8E}"
EndProject
Global
	GlobalSection(SolutionConfigurationPlatforms) = preSolution
		Debug|Any CPU = Debug|Any CPU
		Release|Any CPU = Release|Any CPU
	EndGlobalSection
	GlobalSection(ProjectConfigurationPlatforms) = postSolution
		{6F639045-9C6E-4CA4-8C8C-6DA2D6E39B99}.Debug|Any CPU.ActiveCfg = Debug|Any CPU
		{6F639045-9C6E-4CA4-8C8C-6DA2D6E39B99}.Debug|Any CPU.Build.0 = Debug|Any CPU
		{6F639045-9C6E-4CA4-8C8C-6DA2D6E39B99}.Release|Any CPU.ActiveCfg = Release|Any CPU
		{6F639045-9C6E-4CA4-8C8C-6DA2D6E39B99}.Release|Any CPU.Build.0 = Release|Any CPU
		{25345E38-FA83-42C1-8121-2D3E470B90DF}.Debug|Any CPU.ActiveCfg = Debug|Any CPU
		{25345E38-FA83-42C1-8121-2D3E470B90DF}.Debug|Any CPU.Build.0 = Debug|Any CPU
		{25345E38-FA83-42C1-8121-2D3E470B90DF}.Release|Any CPU.ActiveCfg = Release|Any CPU
		{25345E38-FA83-42C1-8121-2D3E470B90DF}.Release|Any CPU.Build.0 = Release|Any CPU
		{BF33A74E-1FC9-4F0E-885D-0D7DB1696A5D}.Debug|Any CPU.ActiveCfg = Debug|Any CPU
		{BF33A74E-1FC9-4F0E-885D-0D7DB1696A5D}.Debug|Any CPU.Build.0 = Debug|Any CPU
		{BF33A74E-1FC9-4F0E-885D-0D7DB1696A5D}.Release|Any CPU.ActiveCfg = Release|Any CPU
		{BF33A74E-1FC9-4F0E-885D-0D7DB1696A5D}.Release|Any CPU.Build.0 = Release|Any CPU
		{FDA393EC-50C5-47FF-A7F8-6C842813146F}.Debug|Any CPU.ActiveCfg = Debug|Any CPU
		{FDA393EC-50C5-47FF-A7F8-6C842813146F}.Debug|Any CPU.Build.0 = Debug|Any CPU
		{FDA393EC-50C5-47FF-A7F8-6C842813146F}.Release|Any CPU.ActiveCfg = Release|Any CPU
		{FDA393EC-50C5-47FF-A7F8-6C842813146F}.Release|Any CPU.Build.0 = Release|Any CPU
	EndGlobalSection
	GlobalSection(SolutionProperties) = preSolution
		HideSolutionNode = FALSE
	EndGlobalSection
	GlobalSection(NestedProjects) = preSolution
		{6F639045-9C6E-4CA4-8C8C-6DA2D6E39B99} = {900BFBA7-3E21-40B2-828F-49AF79295A8E}
		{25345E38-FA83-42C1-8121-2D3E470B90DF} = {037B4AF7-B9BE-4190-BE41-762DC72E382A}
		{BF33A74E-1FC9-4F0E-885D-0D7DB1696A5D} = {900BFBA7-3E21-40B2-828F-49AF79295A8E}
		{FDA393EC-50C5-47FF-A7F8-6C842813146F} = {037B4AF7-B9BE-4190-BE41-762DC72E382A}
	EndGlobalSection
	GlobalSection(ExtensibilityGlobals) = postSolution
		SolutionGuid = {A3B5519D-1388-4635-B984-0825E7146CAE}
	EndGlobalSection
EndGlobal
